
Microsoft Visual Studio Solution File, Format Version 12.00
# Visual Studio Version 16
VisualStudioVersion = 16.0.31112.23
MinimumVisualStudioVersion = 10.0.40219.1
Project("{FAE04EC0-301F-11D3-BF4B-00C04F79EFBC}") = "KonectedKlasa", "KonectedKlasa.csproj", "{B0BBC506-4AA8-4343-829F-90E45579A841}"
EndProject
Global
	GlobalSection(SolutionConfigurationPlatforms) = preSolution
		Debug|Any CPU = Debug|Any CPU
		Release|Any CPU = Release|Any CPU
	EndGlobalSection
	GlobalSection(ProjectConfigurationPlatforms) = postSolution
		{B0BBC506-4AA8-4343-829F-90E45579A841}.Debug|Any CPU.ActiveCfg = Debug|Any CPU
		{B0BBC506-4AA8-4343-829F-90E45579A841}.Debug|Any CPU.Build.0 = Debug|Any CPU
		{B0BBC506-4AA8-4343-829F-90E45579A841}.Release|Any CPU.ActiveCfg = Release|Any CPU
		{B0BBC506-4AA8-4343-829F-90E45579A841}.Release|Any CPU.Build.0 = Release|Any CPU
	EndGlobalSection
	GlobalSection(SolutionProperties) = preSolution
		HideSolutionNode = FALSE
	EndGlobalSection
	GlobalSection(ExtensibilityGlobals) = postSolution
		SolutionGuid = {A1E6B5D2-E1C5-4328-ADF7-C818F6251CD3}
	EndGlobalSection
EndGlobal
